
Microsoft Visual Studio Solution File, Format Version 12.00
# Visual Studio 15
VisualStudioVersion = 15.0.27130.2024
MinimumVisualStudioVersion = 10.0.40219.1
Project("{F184B08F-C81C-45F6-A57F-5ABD9991F28F}") = "MBS_Loan", "MBS_Loan\MBS_Loan.vbproj", "{81F33548-17D2-4B9B-BB76-BA29B30F0473}"
EndProject
Project("{F184B08F-C81C-45F6-A57F-5ABD9991F28F}") = "MBSLibary", "MBSLibary\MBSLibary.vbproj", "{ED4879D4-8ABB-45A5-A06D-2EAEF169EC5D}"
EndProject
Project("{F184B08F-C81C-45F6-A57F-5ABD9991F28F}") = "UnitTestLoan", "UnitTestLoan\UnitTestLoan.vbproj", "{A5BCF2BD-D0E2-4082-9B0B-A77DA2CCE118}"
EndProject
Global
	GlobalSection(SolutionConfigurationPlatforms) = preSolution
		Debug|Any CPU = Debug|Any CPU
		Release|Any CPU = Release|Any CPU
	EndGlobalSection
	GlobalSection(ProjectConfigurationPlatforms) = postSolution
		{81F33548-17D2-4B9B-BB76-BA29B30F0473}.Debug|Any CPU.ActiveCfg = Debug|Any CPU
		{81F33548-17D2-4B9B-BB76-BA29B30F0473}.Debug|Any CPU.Build.0 = Debug|Any CPU
		{81F33548-17D2-4B9B-BB76-BA29B30F0473}.Release|Any CPU.ActiveCfg = Release|Any CPU
		{81F33548-17D2-4B9B-BB76-BA29B30F0473}.Release|Any CPU.Build.0 = Release|Any CPU
		{ED4879D4-8ABB-45A5-A06D-2EAEF169EC5D}.Debug|Any CPU.ActiveCfg = Debug|Any CPU
		{ED4879D4-8ABB-45A5-A06D-2EAEF169EC5D}.Debug|Any CPU.Build.0 = Debug|Any CPU
		{ED4879D4-8ABB-45A5-A06D-2EAEF169EC5D}.Release|Any CPU.ActiveCfg = Release|Any CPU
		{ED4879D4-8ABB-45A5-A06D-2EAEF169EC5D}.Release|Any CPU.Build.0 = Release|Any CPU
		{A5BCF2BD-D0E2-4082-9B0B-A77DA2CCE118}.Debug|Any CPU.ActiveCfg = Debug|Any CPU
		{A5BCF2BD-D0E2-4082-9B0B-A77DA2CCE118}.Debug|Any CPU.Build.0 = Debug|Any CPU
		{A5BCF2BD-D0E2-4082-9B0B-A77DA2CCE118}.Release|Any CPU.ActiveCfg = Release|Any CPU
		{A5BCF2BD-D0E2-4082-9B0B-A77DA2CCE118}.Release|Any CPU.Build.0 = Release|Any CPU
	EndGlobalSection
	GlobalSection(SolutionProperties) = preSolution
		HideSolutionNode = FALSE
	EndGlobalSection
	GlobalSection(ExtensibilityGlobals) = postSolution
		SolutionGuid = {A16D0787-5098-46C8-BE3D-75DFB6738F3C}
	EndGlobalSection
EndGlobal
